
Microsoft Visual Studio Solution File, Format Version 12.00
Project("{2150E333-8FDC-42A3-9474-1A3956D46DE8}") = "src", "src", "{809B689F-FF4C-44F8-9AEC-327CF0ACB074}"
EndProject
Project("{2150E333-8FDC-42A3-9474-1A3956D46DE8}") = "samples", "samples", "{4928006B-9D08-4AEC-A15D-F6D904937B07}"
EndProject
Project("{FAE04EC0-301F-11D3-BF4B-00C04F79EFBC}") = "NativeFileDialogNET", "src\NativeFileDialogNET\NativeFileDialogNET.csproj", "{405B6FA8-13E8-40E7-830A-9150FEDCF837}"
EndProject
Project("{FAE04EC0-301F-11D3-BF4B-00C04F79EFBC}") = "BasicUsage", "samples\BasicUsage\BasicUsage.csproj", "{B558563F-FDCA-4CFC-BA3E-D40958AC62B5}"
EndProject
Global
	GlobalSection(SolutionConfigurationPlatforms) = preSolution
		Debug|Any CPU = Debug|Any CPU
		Release|Any CPU = Release|Any CPU
	EndGlobalSection
	GlobalSection(NestedProjects) = preSolution
		{405B6FA8-13E8-40E7-830A-9150FEDCF837} = {809B689F-FF4C-44F8-9AEC-327CF0ACB074}
		{B558563F-FDCA-4CFC-BA3E-D40958AC62B5} = {4928006B-9D08-4AEC-A15D-F6D904937B07}
	EndGlobalSection
	GlobalSection(ProjectConfigurationPlatforms) = postSolution
		{405B6FA8-13E8-40E7-830A-9150FEDCF837}.Debug|Any CPU.ActiveCfg = Debug|Any CPU
		{405B6FA8-13E8-40E7-830A-9150FEDCF837}.Debug|Any CPU.Build.0 = Debug|Any CPU
		{405B6FA8-13E8-40E7-830A-9150FEDCF837}.Release|Any CPU.ActiveCfg = Release|Any CPU
		{405B6FA8-13E8-40E7-830A-9150FEDCF837}.Release|Any CPU.Build.0 = Release|Any CPU
		{B558563F-FDCA-4CFC-BA3E-D40958AC62B5}.Debug|Any CPU.ActiveCfg = Debug|Any CPU
		{B558563F-FDCA-4CFC-BA3E-D40958AC62B5}.Debug|Any CPU.Build.0 = Debug|Any CPU
		{B558563F-FDCA-4CFC-BA3E-D40958AC62B5}.Release|Any CPU.ActiveCfg = Release|Any CPU
		{B558563F-FDCA-4CFC-BA3E-D40958AC62B5}.Release|Any CPU.Build.0 = Release|Any CPU
	EndGlobalSection
EndGlobal
