
Microsoft Visual Studio Solution File, Format Version 12.00
Project("{2150E333-8FDC-42A3-9474-1A3956D46DE8}") = "src", "src", "{6B87A7D6-68F0-40C2-9B05-CB5565A9EF95}"
EndProject
Project("{FAE04EC0-301F-11D3-BF4B-00C04F79EFBC}") = "CodeGenerator", "src\CodeGenerator\CodeGenerator.csproj", "{B18F0A60-BC46-417B-91B0-6960046B3D2F}"
EndProject
Project("{FAE04EC0-301F-11D3-BF4B-00C04F79EFBC}") = "NativeFileDialogNET", "src\NativeFileDialogNET\NativeFileDialogNET.csproj", "{C368E000-9B9F-4B10-828E-C3172EC05393}"
EndProject
Project("{2150E333-8FDC-42A3-9474-1A3956D46DE8}") = "samples", "samples", "{8522A1B0-4BB9-4A20-8817-91E1A0A167C9}"
EndProject
Project("{FAE04EC0-301F-11D3-BF4B-00C04F79EFBC}") = "samples\BasicUsage", "samples\BasicUsage\BasicUsage.csproj", "{988B7D5A-C372-4F13-AFCA-F98EADF99EA7}"
EndProject
Global
	GlobalSection(SolutionConfigurationPlatforms) = preSolution
		Debug|Any CPU = Debug|Any CPU
		Release|Any CPU = Release|Any CPU
	EndGlobalSection
	GlobalSection(NestedProjects) = preSolution
		{B18F0A60-BC46-417B-91B0-6960046B3D2F} = {6B87A7D6-68F0-40C2-9B05-CB5565A9EF95}
		{C368E000-9B9F-4B10-828E-C3172EC05393} = {6B87A7D6-68F0-40C2-9B05-CB5565A9EF95}
		{988B7D5A-C372-4F13-AFCA-F98EADF99EA7} = {8522A1B0-4BB9-4A20-8817-91E1A0A167C9}
	EndGlobalSection
	GlobalSection(ProjectConfigurationPlatforms) = postSolution
		{B18F0A60-BC46-417B-91B0-6960046B3D2F}.Debug|Any CPU.ActiveCfg = Debug|Any CPU
		{B18F0A60-BC46-417B-91B0-6960046B3D2F}.Debug|Any CPU.Build.0 = Debug|Any CPU
		{B18F0A60-BC46-417B-91B0-6960046B3D2F}.Release|Any CPU.ActiveCfg = Release|Any CPU
		{B18F0A60-BC46-417B-91B0-6960046B3D2F}.Release|Any CPU.Build.0 = Release|Any CPU
		{C368E000-9B9F-4B10-828E-C3172EC05393}.Debug|Any CPU.ActiveCfg = Debug|Any CPU
		{C368E000-9B9F-4B10-828E-C3172EC05393}.Debug|Any CPU.Build.0 = Debug|Any CPU
		{C368E000-9B9F-4B10-828E-C3172EC05393}.Release|Any CPU.ActiveCfg = Release|Any CPU
		{C368E000-9B9F-4B10-828E-C3172EC05393}.Release|Any CPU.Build.0 = Release|Any CPU
		{988B7D5A-C372-4F13-AFCA-F98EADF99EA7}.Debug|Any CPU.ActiveCfg = Debug|Any CPU
		{988B7D5A-C372-4F13-AFCA-F98EADF99EA7}.Debug|Any CPU.Build.0 = Debug|Any CPU
		{988B7D5A-C372-4F13-AFCA-F98EADF99EA7}.Release|Any CPU.ActiveCfg = Release|Any CPU
		{988B7D5A-C372-4F13-AFCA-F98EADF99EA7}.Release|Any CPU.Build.0 = Release|Any CPU
	EndGlobalSection
EndGlobal
